// !$*UTF8*$!
{
	archiveVersion = 1;
	classes = {
	};
	objectVersion = 51;
	objects = {

/* Begin PBXBuildFile section */
		507AEE6DB3F899CED5FB91F1 /* Pods_LifeCycle.framework in Frameworks */ = {isa = PBXBuildFile; fileRef = ACFEA4A37867044FA7D84F9D /* Pods_LifeCycle.framework */; };
		6F27DF7525147B7000112385 /* AppDelegate.swift in Sources */ = {isa = PBXBuildFile; fileRef = 6F27DF7425147B7000112385 /* AppDelegate.swift */; };
		6F27DF7725147B7000112385 /* SceneDelegate.swift in Sources */ = {isa = PBXBuildFile; fileRef = 6F27DF7625147B7000112385 /* SceneDelegate.swift */; };
		6F27DF7C25147B7000112385 /* Main.storyboard in Resources */ = {isa = PBXBuildFile; fileRef = 6F27DF7A25147B7000112385 /* Main.storyboard */; };
		6F27DF7E25147B7900112385 /* Assets.xcassets in Resources */ = {isa = PBXBuildFile; fileRef = 6F27DF7D25147B7900112385 /* Assets.xcassets */; };
		6F27DF8125147B7900112385 /* LaunchScreen.storyboard in Resources */ = {isa = PBXBuildFile; fileRef = 6F27DF7F25147B7900112385 /* LaunchScreen.storyboard */; };
		6F27DF99251AAA4100112385 /* GoogleService-Info.plist in Resources */ = {isa = PBXBuildFile; fileRef = 6F27DF98251AAA4100112385 /* GoogleService-Info.plist */; };
		6F27DF9B251AC40D00112385 /* LoginViewController.swift in Sources */ = {isa = PBXBuildFile; fileRef = 6F27DF9A251AC40D00112385 /* LoginViewController.swift */; };
		6F27DF9D251D660700112385 /* RegisterViewController.swift in Sources */ = {isa = PBXBuildFile; fileRef = 6F27DF9C251D660700112385 /* RegisterViewController.swift */; };
		6F27DFA0251E89B600112385 /* LoginNavigationController.swift in Sources */ = {isa = PBXBuildFile; fileRef = 6F27DF9F251E89B600112385 /* LoginNavigationController.swift */; };
		CC61F6DC252FA47A00BE0B43 /* CalendarNavigation.swift in Sources */ = {isa = PBXBuildFile; fileRef = CC61F6DB252FA47A00BE0B43 /* CalendarNavigation.swift */; };
/* End PBXBuildFile section */

/* Begin PBXFileReference section */
		6858A18EDB77906B86824F7D /* Pods-LifeCycle.release.xcconfig */ = {isa = PBXFileReference; includeInIndex = 1; lastKnownFileType = text.xcconfig; name = "Pods-LifeCycle.release.xcconfig"; path = "Target Support Files/Pods-LifeCycle/Pods-LifeCycle.release.xcconfig"; sourceTree = "<group>"; };
		6F27DF7125147B7000112385 /* LifeCycle.app */ = {isa = PBXFileReference; explicitFileType = wrapper.application; includeInIndex = 0; path = LifeCycle.app; sourceTree = BUILT_PRODUCTS_DIR; };
		6F27DF7425147B7000112385 /* AppDelegate.swift */ = {isa = PBXFileReference; lastKnownFileType = sourcecode.swift; path = AppDelegate.swift; sourceTree = "<group>"; };
		6F27DF7625147B7000112385 /* SceneDelegate.swift */ = {isa = PBXFileReference; lastKnownFileType = sourcecode.swift; path = SceneDelegate.swift; sourceTree = "<group>"; };
		6F27DF7B25147B7000112385 /* Base */ = {isa = PBXFileReference; lastKnownFileType = file.storyboard; name = Base; path = Base.lproj/Main.storyboard; sourceTree = "<group>"; };
		6F27DF7D25147B7900112385 /* Assets.xcassets */ = {isa = PBXFileReference; lastKnownFileType = folder.assetcatalog; path = Assets.xcassets; sourceTree = "<group>"; };
		6F27DF8025147B7900112385 /* Base */ = {isa = PBXFileReference; lastKnownFileType = file.storyboard; name = Base; path = Base.lproj/LaunchScreen.storyboard; sourceTree = "<group>"; };
		6F27DF8225147B7900112385 /* Info.plist */ = {isa = PBXFileReference; lastKnownFileType = text.plist.xml; path = Info.plist; sourceTree = "<group>"; };
		6F27DF98251AAA4100112385 /* GoogleService-Info.plist */ = {isa = PBXFileReference; fileEncoding = 4; lastKnownFileType = text.plist.xml; path = "GoogleService-Info.plist"; sourceTree = "<group>"; };
		6F27DF9A251AC40D00112385 /* LoginViewController.swift */ = {isa = PBXFileReference; lastKnownFileType = sourcecode.swift; path = LoginViewController.swift; sourceTree = "<group>"; };
		6F27DF9C251D660700112385 /* RegisterViewController.swift */ = {isa = PBXFileReference; lastKnownFileType = sourcecode.swift; path = RegisterViewController.swift; sourceTree = "<group>"; };
		6F27DF9F251E89B600112385 /* LoginNavigationController.swift */ = {isa = PBXFileReference; lastKnownFileType = sourcecode.swift; path = LoginNavigationController.swift; sourceTree = "<group>"; };
		A222ED143D42CCD6FD0CCDB5 /* Pods-LifeCycle.debug.xcconfig */ = {isa = PBXFileReference; includeInIndex = 1; lastKnownFileType = text.xcconfig; name = "Pods-LifeCycle.debug.xcconfig"; path = "Target Support Files/Pods-LifeCycle/Pods-LifeCycle.debug.xcconfig"; sourceTree = "<group>"; };
		ACFEA4A37867044FA7D84F9D /* Pods_LifeCycle.framework */ = {isa = PBXFileReference; explicitFileType = wrapper.framework; includeInIndex = 0; path = Pods_LifeCycle.framework; sourceTree = BUILT_PRODUCTS_DIR; };
		CC61F6DB252FA47A00BE0B43 /* CalendarNavigation.swift */ = {isa = PBXFileReference; lastKnownFileType = sourcecode.swift; path = CalendarNavigation.swift; sourceTree = "<group>"; };
/* End PBXFileReference section */

/* Begin PBXFrameworksBuildPhase section */
		6F27DF6E25147B7000112385 /* Frameworks */ = {
			isa = PBXFrameworksBuildPhase;
			buildActionMask = 2147483647;
			files = (
				507AEE6DB3F899CED5FB91F1 /* Pods_LifeCycle.framework in Frameworks */,
			);
			runOnlyForDeploymentPostprocessing = 0;
		};
/* End PBXFrameworksBuildPhase section */

/* Begin PBXGroup section */
		6F27DF6825147B7000112385 = {
			isa = PBXGroup;
			children = (
				6F27DF7325147B7000112385 /* LifeCycle */,
				6F27DF7225147B7000112385 /* Products */,
				BAD5DC7D382A09F15F901607 /* Pods */,
				DB7CBF48CACA51FEC8559584 /* Frameworks */,
			);
			sourceTree = "<group>";
		};
		6F27DF7225147B7000112385 /* Products */ = {
			isa = PBXGroup;
			children = (
				6F27DF7125147B7000112385 /* LifeCycle.app */,
			);
			name = Products;
			sourceTree = "<group>";
		};
		6F27DF7325147B7000112385 /* LifeCycle */ = {
			isa = PBXGroup;
			children = (
				6F27DF9E251D6CB200112385 /* Assets */,
				6F27DF8825147CDA00112385 /* View Controllers */,
				6F27DF7425147B7000112385 /* AppDelegate.swift */,
				6F27DF7625147B7000112385 /* SceneDelegate.swift */,
				6F27DF7A25147B7000112385 /* Main.storyboard */,
				6F27DF7D25147B7900112385 /* Assets.xcassets */,
				6F27DF7F25147B7900112385 /* LaunchScreen.storyboard */,
				6F27DF8225147B7900112385 /* Info.plist */,
				6F27DF98251AAA4100112385 /* GoogleService-Info.plist */,
			);
			path = LifeCycle;
			sourceTree = "<group>";
		};
		6F27DF8825147CDA00112385 /* View Controllers */ = {
			isa = PBXGroup;
			children = (
				6F27DF9A251AC40D00112385 /* LoginViewController.swift */,
				6F27DF9C251D660700112385 /* RegisterViewController.swift */,
				6F27DF9F251E89B600112385 /* LoginNavigationController.swift */,
				CC61F6DB252FA47A00BE0B43 /* CalendarNavigation.swift */,
			);
			path = "View Controllers";
			sourceTree = "<group>";
		};
		6F27DF9E251D6CB200112385 /* Assets */ = {
			isa = PBXGroup;
			children = (
			);
			path = Assets;
			sourceTree = "<group>";
		};
		BAD5DC7D382A09F15F901607 /* Pods */ = {
			isa = PBXGroup;
			children = (
				A222ED143D42CCD6FD0CCDB5 /* Pods-LifeCycle.debug.xcconfig */,
				6858A18EDB77906B86824F7D /* Pods-LifeCycle.release.xcconfig */,
			);
			path = Pods;
			sourceTree = "<group>";
		};
		DB7CBF48CACA51FEC8559584 /* Frameworks */ = {
			isa = PBXGroup;
			children = (
				ACFEA4A37867044FA7D84F9D /* Pods_LifeCycle.framework */,
			);
			name = Frameworks;
			sourceTree = "<group>";
		};
/* End PBXGroup section */

/* Begin PBXNativeTarget section */
		6F27DF7025147B7000112385 /* LifeCycle */ = {
			isa = PBXNativeTarget;
			buildConfigurationList = 6F27DF8525147B7900112385 /* Build configuration list for PBXNativeTarget "LifeCycle" */;
			buildPhases = (
				79044A2CA0E28415C6DC39BE /* [CP] Check Pods Manifest.lock */,
				6F27DF6D25147B7000112385 /* Sources */,
				6F27DF6E25147B7000112385 /* Frameworks */,
				6F27DF6F25147B7000112385 /* Resources */,
				0B24E78E105D47C555D4CA0D /* [CP] Embed Pods Frameworks */,
			);
			buildRules = (
			);
			dependencies = (
			);
			name = LifeCycle;
			productName = LifeCycle;
			productReference = 6F27DF7125147B7000112385 /* LifeCycle.app */;
			productType = "com.apple.product-type.application";
		};
/* End PBXNativeTarget section */

/* Begin PBXProject section */
		6F27DF6925147B7000112385 /* Project object */ = {
			isa = PBXProject;
			attributes = {
				LastSwiftUpdateCheck = 1130;
				LastUpgradeCheck = 1130;
				ORGANIZATIONNAME = "John Solano";
				TargetAttributes = {
					6F27DF7025147B7000112385 = {
						CreatedOnToolsVersion = 11.3.1;
					};
				};
			};
			buildConfigurationList = 6F27DF6C25147B7000112385 /* Build configuration list for PBXProject "LifeCycle" */;
			compatibilityVersion = "Xcode 9.3";
			developmentRegion = en;
			hasScannedForEncodings = 0;
			knownRegions = (
				en,
				Base,
			);
			mainGroup = 6F27DF6825147B7000112385;
			productRefGroup = 6F27DF7225147B7000112385 /* Products */;
			projectDirPath = "";
			projectRoot = "";
			targets = (
				6F27DF7025147B7000112385 /* LifeCycle */,
			);
		};
/* End PBXProject section */

/* Begin PBXResourcesBuildPhase section */
		6F27DF6F25147B7000112385 /* Resources */ = {
			isa = PBXResourcesBuildPhase;
			buildActionMask = 2147483647;
			files = (
				6F27DF99251AAA4100112385 /* GoogleService-Info.plist in Resources */,
				6F27DF8125147B7900112385 /* LaunchScreen.storyboard in Resources */,
				6F27DF7E25147B7900112385 /* Assets.xcassets in Resources */,
				6F27DF7C25147B7000112385 /* Main.storyboard in Resources */,
			);
			runOnlyForDeploymentPostprocessing = 0;
		};
/* End PBXResourcesBuildPhase section */

/* Begin PBXShellScriptBuildPhase section */
		0B24E78E105D47C555D4CA0D /* [CP] Embed Pods Frameworks */ = {
			isa = PBXShellScriptBuildPhase;
			buildActionMask = 2147483647;
			files = (
			);
			inputFileListPaths = (
				"${PODS_ROOT}/Target Support Files/Pods-LifeCycle/Pods-LifeCycle-frameworks-${CONFIGURATION}-input-files.xcfilelist",
			);
			name = "[CP] Embed Pods Frameworks";
			outputFileListPaths = (
				"${PODS_ROOT}/Target Support Files/Pods-LifeCycle/Pods-LifeCycle-frameworks-${CONFIGURATION}-output-files.xcfilelist",
			);
			runOnlyForDeploymentPostprocessing = 0;
			shellPath = /bin/sh;
			shellScript = "\"${PODS_ROOT}/Target Support Files/Pods-LifeCycle/Pods-LifeCycle-frameworks.sh\"\n";
			showEnvVarsInLog = 0;
		};
		79044A2CA0E28415C6DC39BE /* [CP] Check Pods Manifest.lock */ = {
			isa = PBXShellScriptBuildPhase;
			buildActionMask = 2147483647;
			files = (
			);
			inputFileListPaths = (
			);
			inputPaths = (
				"${PODS_PODFILE_DIR_PATH}/Podfile.lock",
				"${PODS_ROOT}/Manifest.lock",
			);
			name = "[CP] Check Pods Manifest.lock";
			outputFileListPaths = (
			);
			outputPaths = (
				"$(DERIVED_FILE_DIR)/Pods-LifeCycle-checkManifestLockResult.txt",
			);
			runOnlyForDeploymentPostprocessing = 0;
			shellPath = /bin/sh;
			shellScript = "diff \"${PODS_PODFILE_DIR_PATH}/Podfile.lock\" \"${PODS_ROOT}/Manifest.lock\" > /dev/null\nif [ $? != 0 ] ; then\n    # print error to STDERR\n    echo \"error: The sandbox is not in sync with the Podfile.lock. Run 'pod install' or update your CocoaPods installation.\" >&2\n    exit 1\nfi\n# This output is used by Xcode 'outputs' to avoid re-running this script phase.\necho \"SUCCESS\" > \"${SCRIPT_OUTPUT_FILE_0}\"\n";
			showEnvVarsInLog = 0;
		};
/* End PBXShellScriptBuildPhase section */

/* Begin PBXSourcesBuildPhase section */
		6F27DF6D25147B7000112385 /* Sources */ = {
			isa = PBXSourcesBuildPhase;
			buildActionMask = 2147483647;
			files = (
				6F27DF9B251AC40D00112385 /* LoginViewController.swift in Sources */,
				6F27DFA0251E89B600112385 /* LoginNavigationController.swift in Sources */,
				6F27DF7525147B7000112385 /* AppDelegate.swift in Sources */,
				CC61F6DC252FA47A00BE0B43 /* CalendarNavigation.swift in Sources */,
				6F27DF7725147B7000112385 /* SceneDelegate.swift in Sources */,
				6F27DF9D251D660700112385 /* RegisterViewController.swift in Sources */,
			);
			runOnlyForDeploymentPostprocessing = 0;
		};
/* End PBXSourcesBuildPhase section */

/* Begin PBXVariantGroup section */
		6F27DF7A25147B7000112385 /* Main.storyboard */ = {
			isa = PBXVariantGroup;
			children = (
				6F27DF7B25147B7000112385 /* Base */,
			);
			name = Main.storyboard;
			sourceTree = "<group>";
		};
		6F27DF7F25147B7900112385 /* LaunchScreen.storyboard */ = {
			isa = PBXVariantGroup;
			children = (
				6F27DF8025147B7900112385 /* Base */,
			);
			name = LaunchScreen.storyboard;
			sourceTree = "<group>";
		};
/* End PBXVariantGroup section */

/* Begin XCBuildConfiguration section */
		6F27DF8325147B7900112385 /* Debug */ = {
			isa = XCBuildConfiguration;
			buildSettings = {
				ALWAYS_SEARCH_USER_PATHS = NO;
				CLANG_ANALYZER_NONNULL = YES;
				CLANG_ANALYZER_NUMBER_OBJECT_CONVERSION = YES_AGGRESSIVE;
				CLANG_CXX_LANGUAGE_STANDARD = "gnu++14";
				CLANG_CXX_LIBRARY = "libc++";
				CLANG_ENABLE_MODULES = YES;
				CLANG_ENABLE_OBJC_ARC = YES;
				CLANG_ENABLE_OBJC_WEAK = YES;
				CLANG_WARN_BLOCK_CAPTURE_AUTORELEASING = YES;
				CLANG_WARN_BOOL_CONVERSION = YES;
				CLANG_WARN_COMMA = YES;
				CLANG_WARN_CONSTANT_CONVERSION = YES;
				CLANG_WARN_DEPRECATED_OBJC_IMPLEMENTATIONS = YES;
				CLANG_WARN_DIRECT_OBJC_ISA_USAGE = YES_ERROR;
				CLANG_WARN_DOCUMENTATION_COMMENTS = YES;
				CLANG_WARN_EMPTY_BODY = YES;
				CLANG_WARN_ENUM_CONVERSION = YES;
				CLANG_WARN_INFINITE_RECURSION = YES;
				CLANG_WARN_INT_CONVERSION = YES;
				CLANG_WARN_NON_LITERAL_NULL_CONVERSION = YES;
				CLANG_WARN_OBJC_IMPLICIT_RETAIN_SELF = YES;
				CLANG_WARN_OBJC_LITERAL_CONVERSION = YES;
				CLANG_WARN_OBJC_ROOT_CLASS = YES_ERROR;
				CLANG_WARN_RANGE_LOOP_ANALYSIS = YES;
				CLANG_WARN_STRICT_PROTOTYPES = YES;
				CLANG_WARN_SUSPICIOUS_MOVE = YES;
				CLANG_WARN_UNGUARDED_AVAILABILITY = YES_AGGRESSIVE;
				CLANG_WARN_UNREACHABLE_CODE = YES;
				CLANG_WARN__DUPLICATE_METHOD_MATCH = YES;
				COPY_PHASE_STRIP = NO;
				DEBUG_INFORMATION_FORMAT = dwarf;
				ENABLE_STRICT_OBJC_MSGSEND = YES;
				ENABLE_TESTABILITY = YES;
				GCC_C_LANGUAGE_STANDARD = gnu11;
				GCC_DYNAMIC_NO_PIC = NO;
				GCC_NO_COMMON_BLOCKS = YES;
				GCC_OPTIMIZATION_LEVEL = 0;
				GCC_PREPROCESSOR_DEFINITIONS = (
					"DEBUG=1",
					"$(inherited)",
				);
				GCC_WARN_64_TO_32_BIT_CONVERSION = YES;
				GCC_WARN_ABOUT_RETURN_TYPE = YES_ERROR;
				GCC_WARN_UNDECLARED_SELECTOR = YES;
				GCC_WARN_UNINITIALIZED_AUTOS = YES_AGGRESSIVE;
				GCC_WARN_UNUSED_FUNCTION = YES;
				GCC_WARN_UNUSED_VARIABLE = YES;
				IPHONEOS_DEPLOYMENT_TARGET = 13.2;
				MTL_ENABLE_DEBUG_INFO = INCLUDE_SOURCE;
				MTL_FAST_MATH = YES;
				ONLY_ACTIVE_ARCH = YES;
				SDKROOT = iphoneos;
				SWIFT_ACTIVE_COMPILATION_CONDITIONS = DEBUG;
				SWIFT_OPTIMIZATION_LEVEL = "-Onone";
			};
			name = Debug;
		};
		6F27DF8425147B7900112385 /* Release */ = {
			isa = XCBuildConfiguration;
			buildSettings = {
				ALWAYS_SEARCH_USER_PATHS = NO;
				CLANG_ANALYZER_NONNULL = YES;
				CLANG_ANALYZER_NUMBER_OBJECT_CONVERSION = YES_AGGRESSIVE;
				CLANG_CXX_LANGUAGE_STANDARD = "gnu++14";
				CLANG_CXX_LIBRARY = "libc++";
				CLANG_ENABLE_MODULES = YES;
				CLANG_ENABLE_OBJC_ARC = YES;
				CLANG_ENABLE_OBJC_WEAK = YES;
				CLANG_WARN_BLOCK_CAPTURE_AUTORELEASING = YES;
				CLANG_WARN_BOOL_CONVERSION = YES;
				CLANG_WARN_COMMA = YES;
				CLANG_WARN_CONSTANT_CONVERSION = YES;
				CLANG_WARN_DEPRECATED_OBJC_IMPLEMENTATIONS = YES;
				CLANG_WARN_DIRECT_OBJC_ISA_USAGE = YES_ERROR;
				CLANG_WARN_DOCUMENTATION_COMMENTS = YES;
				CLANG_WARN_EMPTY_BODY = YES;
				CLANG_WARN_ENUM_CONVERSION = YES;
				CLANG_WARN_INFINITE_RECURSION = YES;
				CLANG_WARN_INT_CONVERSION = YES;
				CLANG_WARN_NON_LITERAL_NULL_CONVERSION = YES;
				CLANG_WARN_OBJC_IMPLICIT_RETAIN_SELF = YES;
				CLANG_WARN_OBJC_LITERAL_CONVERSION = YES;
				CLANG_WARN_OBJC_ROOT_CLASS = YES_ERROR;
				CLANG_WARN_RANGE_LOOP_ANALYSIS = YES;
				CLANG_WARN_STRICT_PROTOTYPES = YES;
				CLANG_WARN_SUSPICIOUS_MOVE = YES;
				CLANG_WARN_UNGUARDED_AVAILABILITY = YES_AGGRESSIVE;
				CLANG_WARN_UNREACHABLE_CODE = YES;
				CLANG_WARN__DUPLICATE_METHOD_MATCH = YES;
				COPY_PHASE_STRIP = NO;
				DEBUG_INFORMATION_FORMAT = "dwarf-with-dsym";
				ENABLE_NS_ASSERTIONS = NO;
				ENABLE_STRICT_OBJC_MSGSEND = YES;
				GCC_C_LANGUAGE_STANDARD = gnu11;
				GCC_NO_COMMON_BLOCKS = YES;
				GCC_WARN_64_TO_32_BIT_CONVERSION = YES;
				GCC_WARN_ABOUT_RETURN_TYPE = YES_ERROR;
				GCC_WARN_UNDECLARED_SELECTOR = YES;
				GCC_WARN_UNINITIALIZED_AUTOS = YES_AGGRESSIVE;
				GCC_WARN_UNUSED_FUNCTION = YES;
				GCC_WARN_UNUSED_VARIABLE = YES;
				IPHONEOS_DEPLOYMENT_TARGET = 13.2;
				MTL_ENABLE_DEBUG_INFO = NO;
				MTL_FAST_MATH = YES;
				SDKROOT = iphoneos;
				SWIFT_COMPILATION_MODE = wholemodule;
				SWIFT_OPTIMIZATION_LEVEL = "-O";
				VALIDATE_PRODUCT = YES;
			};
			name = Release;
		};
		6F27DF8625147B7900112385 /* Debug */ = {
			isa = XCBuildConfiguration;
			baseConfigurationReference = A222ED143D42CCD6FD0CCDB5 /* Pods-LifeCycle.debug.xcconfig */;
			buildSettings = {
				ASSETCATALOG_COMPILER_APPICON_NAME = AppIcon;
				CODE_SIGN_STYLE = Automatic;
				DEVELOPMENT_TEAM = 4X27K57C6A;
				INFOPLIST_FILE = LifeCycle/Info.plist;
				LD_RUNPATH_SEARCH_PATHS = (
					"$(inherited)",
					"@executable_path/Frameworks",
				);
				PRODUCT_BUNDLE_IDENTIFIER = com.JohnSolano.LifeCycle;
				PRODUCT_NAME = "$(TARGET_NAME)";
				SWIFT_VERSION = 5.0;
				TARGETED_DEVICE_FAMILY = "1,2";
			};
			name = Debug;
		};
		6F27DF8725147B7900112385 /* Release */ = {
			isa = XCBuildConfiguration;
			baseConfigurationReference = 6858A18EDB77906B86824F7D /* Pods-LifeCycle.release.xcconfig */;
			buildSettings = {
				ASSETCATALOG_COMPILER_APPICON_NAME = AppIcon;
				CODE_SIGN_STYLE = Automatic;
				DEVELOPMENT_TEAM = 4X27K57C6A;
				INFOPLIST_FILE = LifeCycle/Info.plist;
				LD_RUNPATH_SEARCH_PATHS = (
					"$(inherited)",
					"@executable_path/Frameworks",
				);
				PRODUCT_BUNDLE_IDENTIFIER = com.JohnSolano.LifeCycle;
				PRODUCT_NAME = "$(TARGET_NAME)";
				SWIFT_VERSION = 5.0;
				TARGETED_DEVICE_FAMILY = "1,2";
			};
			name = Release;
		};
/* End XCBuildConfiguration section */

/* Begin XCConfigurationList section */
		6F27DF6C25147B7000112385 /* Build configuration list for PBXProject "LifeCycle" */ = {
			isa = XCConfigurationList;
			buildConfigurations = (
				6F27DF8325147B7900112385 /* Debug */,
				6F27DF8425147B7900112385 /* Release */,
			);
			defaultConfigurationIsVisible = 0;
			defaultConfigurationName = Release;
		};
		6F27DF8525147B7900112385 /* Build configuration list for PBXNativeTarget "LifeCycle" */ = {
			isa = XCConfigurationList;
			buildConfigurations = (
				6F27DF8625147B7900112385 /* Debug */,
				6F27DF8725147B7900112385 /* Release */,
			);
			defaultConfigurationIsVisible = 0;
			defaultConfigurationName = Release;
		};
/* End XCConfigurationList section */
	};
	rootObject = 6F27DF6925147B7000112385 /* Project object */;
}
